# THIS IS AN AUTOGENERATED FILE. DO NOT EDIT THIS FILE DIRECTLY.
# yarn lockfile v1


"@rescript/react@^0.10.2":
  version "0.10.2"
  resolved "https://registry.yarnpkg.com/@rescript/react/-/react-0.10.2.tgz#170d2a5ff34ad09cd614d92467d5efad95202794"
  integrity sha512-Qe21P4WnrmrbhbEMQ4dpaXC1/iMMc7JmqjuSpZouSP+s41K5dCXUGY9sds30gajU74lSfJdG2PzSDYcNAcDyVA==

bs-platform@9.0.2:
  version "9.0.2"
  resolved "https://registry.yarnpkg.com/bs-platform/-/bs-platform-9.0.2.tgz#a6eac70eb8924a322556dacaccbfbc9b2a0d3a37"
  integrity sha512-Ye9JqJ4Oa7mcjjoOVRYI8Uc2Cf8N7jQLWDcdUplY7996d/YErSR7WitmV7XnSwr4EvdrbwjEsg1NxNjUQv3ChA==
